{
  "name": "Python-NFC-Chips-Reader",
  "lockfileVersion": 3,
  "requires": true,
  "packages": {
    "": {
      "dependencies": {
        "libnfc": "^0.0.1-security",
        "skylib": "^1.0.0"
      }
    },
    "node_modules/libnfc": {
      "version": "0.0.1-security",
      "resolved": "https://registry.npmjs.org/libnfc/-/libnfc-0.0.1-security.tgz",
      "integrity": "sha512-PzIQCgCFVHjAli39AYnrlPj3oa2GsNl6mLE1IQ+oDvtyebg6WqXpFk+O2ql0vyIak8XpLn1iZpyyD8d7DeWp3w=="
    },
    "node_modules/skylib": {
      "version": "1.0.0",
      "resolved": "https://registry.npmjs.org/skylib/-/skylib-1.0.0.tgz",
      "integrity": "sha512-ctOOiUWF4H6Oynztj85QViMCXL7adqu6AuPe5rR4/1HClzX5LxWiDjkRZ4TSp2YBCgLycO1MxHF5w/ik4HXGqg==",
      "license": "MIT"
    }
  }
}
